
Microsoft Visual Studio Solution File, Format Version 12.00
# Visual Studio Version 16
VisualStudioVersion = 16.0.30413.136
MinimumVisualStudioVersion = 10.0.40219.1
Project("{FAE04EC0-301F-11D3-BF4B-00C04F79EFBC}") = "SimpleApp", "SimpleApp\SimpleApp.csproj", "{58C33DF8-CF5C-45D3-ADD2-DB503C728993}"
EndProject
Global
	GlobalSection(SolutionConfigurationPlatforms) = preSolution
		Debug|Any CPU = Debug|Any CPU
		Release|Any CPU = Release|Any CPU
	EndGlobalSection
	GlobalSection(ProjectConfigurationPlatforms) = postSolution
		{58C33DF8-CF5C-45D3-ADD2-DB503C728993}.Debug|Any CPU.ActiveCfg = Debug|Any CPU
		{58C33DF8-CF5C-45D3-ADD2-DB503C728993}.Debug|Any CPU.Build.0 = Debug|Any CPU
		{58C33DF8-CF5C-45D3-ADD2-DB503C728993}.Release|Any CPU.ActiveCfg = Release|Any CPU
		{58C33DF8-CF5C-45D3-ADD2-DB503C728993}.Release|Any CPU.Build.0 = Release|Any CPU
	EndGlobalSection
	GlobalSection(SolutionProperties) = preSolution
		HideSolutionNode = FALSE
	EndGlobalSection
	GlobalSection(ExtensibilityGlobals) = postSolution
		SolutionGuid = {E4F9403A-DF74-47C6-9DB5-FD22971C9A79}
	EndGlobalSection
EndGlobal
